// !$*UTF8*$!
{
	archiveVersion = 1;
	classes = {
	};
	objectVersion = 50;
	objects = {

/* Begin PBXBuildFile section */
		695F80CF24C4718800F098B0 /* D3_DNSApp.swift in Sources */ = {isa = PBXBuildFile; fileRef = 695F80CE24C4718800F098B0 /* D3_DNSApp.swift */; };
		695F80D124C4718800F098B0 /* ContentView.swift in Sources */ = {isa = PBXBuildFile; fileRef = 695F80D024C4718800F098B0 /* ContentView.swift */; };
		695F80D324C4718A00F098B0 /* Assets.xcassets in Resources */ = {isa = PBXBuildFile; fileRef = 695F80D224C4718A00F098B0 /* Assets.xcassets */; };
		695F80D624C4718A00F098B0 /* Preview Assets.xcassets in Resources */ = {isa = PBXBuildFile; fileRef = 695F80D524C4718A00F098B0 /* Preview Assets.xcassets */; };
		695F80E224C4830700F098B0 /* Constants.swift in Sources */ = {isa = PBXBuildFile; fileRef = 695F80E124C4830700F098B0 /* Constants.swift */; };
		695F80E524C4883D00F098B0 /* DNSProxy.swift in Sources */ = {isa = PBXBuildFile; fileRef = 695F80E424C4883D00F098B0 /* DNSProxy.swift */; };
/* End PBXBuildFile section */

/* Begin PBXFileReference section */
		695F80CB24C4718800F098B0 /* D3 DNS.app */ = {isa = PBXFileReference; explicitFileType = wrapper.application; includeInIndex = 0; path = "D3 DNS.app"; sourceTree = BUILT_PRODUCTS_DIR; };
		695F80CE24C4718800F098B0 /* D3_DNSApp.swift */ = {isa = PBXFileReference; lastKnownFileType = sourcecode.swift; path = D3_DNSApp.swift; sourceTree = "<group>"; };
		695F80D024C4718800F098B0 /* ContentView.swift */ = {isa = PBXFileReference; lastKnownFileType = sourcecode.swift; path = ContentView.swift; sourceTree = "<group>"; };
		695F80D224C4718A00F098B0 /* Assets.xcassets */ = {isa = PBXFileReference; lastKnownFileType = folder.assetcatalog; path = Assets.xcassets; sourceTree = "<group>"; };
		695F80D524C4718A00F098B0 /* Preview Assets.xcassets */ = {isa = PBXFileReference; lastKnownFileType = folder.assetcatalog; path = "Preview Assets.xcassets"; sourceTree = "<group>"; };
		695F80D724C4718A00F098B0 /* Info.plist */ = {isa = PBXFileReference; lastKnownFileType = text.plist.xml; path = Info.plist; sourceTree = "<group>"; };
		695F80E124C4830700F098B0 /* Constants.swift */ = {isa = PBXFileReference; lastKnownFileType = sourcecode.swift; path = Constants.swift; sourceTree = "<group>"; };
		695F80E424C4883D00F098B0 /* DNSProxy.swift */ = {isa = PBXFileReference; lastKnownFileType = sourcecode.swift; path = DNSProxy.swift; sourceTree = "<group>"; };
/* End PBXFileReference section */

/* Begin PBXFrameworksBuildPhase section */
		695F80C824C4718800F098B0 /* Frameworks */ = {
			isa = PBXFrameworksBuildPhase;
			buildActionMask = 2147483647;
			files = (
			);
			runOnlyForDeploymentPostprocessing = 0;
		};
/* End PBXFrameworksBuildPhase section */

/* Begin PBXGroup section */
		695F80C224C4718800F098B0 = {
			isa = PBXGroup;
			children = (
				695F80CD24C4718800F098B0 /* D3 DNS */,
				695F80CC24C4718800F098B0 /* Products */,
			);
			sourceTree = "<group>";
		};
		695F80CC24C4718800F098B0 /* Products */ = {
			isa = PBXGroup;
			children = (
				695F80CB24C4718800F098B0 /* D3 DNS.app */,
			);
			name = Products;
			sourceTree = "<group>";
		};
		695F80CD24C4718800F098B0 /* D3 DNS */ = {
			isa = PBXGroup;
			children = (
				695F80E024C482F900F098B0 /* helper */,
				695F80DF24C4812100F098B0 /* controller */,
				695F80DE24C4811900F098B0 /* view */,
				695F80DD24C4811300F098B0 /* model */,
				695F80D724C4718A00F098B0 /* Info.plist */,
				695F80D224C4718A00F098B0 /* Assets.xcassets */,
				695F80D424C4718A00F098B0 /* Preview Content */,
			);
			path = "D3 DNS";
			sourceTree = "<group>";
		};
		695F80D424C4718A00F098B0 /* Preview Content */ = {
			isa = PBXGroup;
			children = (
				695F80D524C4718A00F098B0 /* Preview Assets.xcassets */,
			);
			path = "Preview Content";
			sourceTree = "<group>";
		};
		695F80DD24C4811300F098B0 /* model */ = {
			isa = PBXGroup;
			children = (
				695F80E424C4883D00F098B0 /* DNSProxy.swift */,
			);
			path = model;
			sourceTree = "<group>";
		};
		695F80DE24C4811900F098B0 /* view */ = {
			isa = PBXGroup;
			children = (
				695F80D024C4718800F098B0 /* ContentView.swift */,
			);
			path = view;
			sourceTree = "<group>";
		};
		695F80DF24C4812100F098B0 /* controller */ = {
			isa = PBXGroup;
			children = (
				695F80CE24C4718800F098B0 /* D3_DNSApp.swift */,
			);
			path = controller;
			sourceTree = "<group>";
		};
		695F80E024C482F900F098B0 /* helper */ = {
			isa = PBXGroup;
			children = (
				695F80E124C4830700F098B0 /* Constants.swift */,
			);
			path = helper;
			sourceTree = "<group>";
		};
/* End PBXGroup section */

/* Begin PBXNativeTarget section */
		695F80CA24C4718800F098B0 /* D3 DNS */ = {
			isa = PBXNativeTarget;
			buildConfigurationList = 695F80DA24C4718A00F098B0 /* Build configuration list for PBXNativeTarget "D3 DNS" */;
			buildPhases = (
				695F80C724C4718800F098B0 /* Sources */,
				695F80C824C4718800F098B0 /* Frameworks */,
				695F80C924C4718800F098B0 /* Resources */,
			);
			buildRules = (
			);
			dependencies = (
			);
			name = "D3 DNS";
			productName = "D3 DNS";
			productReference = 695F80CB24C4718800F098B0 /* D3 DNS.app */;
			productType = "com.apple.product-type.application";
		};
/* End PBXNativeTarget section */

/* Begin PBXProject section */
		695F80C324C4718800F098B0 /* Project object */ = {
			isa = PBXProject;
			attributes = {
				LastSwiftUpdateCheck = 1200;
				LastUpgradeCheck = 1200;
				TargetAttributes = {
					695F80CA24C4718800F098B0 = {
						CreatedOnToolsVersion = 12.0;
					};
				};
			};
			buildConfigurationList = 695F80C624C4718800F098B0 /* Build configuration list for PBXProject "D3 DNS" */;
			compatibilityVersion = "Xcode 9.3";
			developmentRegion = en;
			hasScannedForEncodings = 0;
			knownRegions = (
				en,
				Base,
			);
			mainGroup = 695F80C224C4718800F098B0;
			productRefGroup = 695F80CC24C4718800F098B0 /* Products */;
			projectDirPath = "";
			projectRoot = "";
			targets = (
				695F80CA24C4718800F098B0 /* D3 DNS */,
			);
		};
/* End PBXProject section */

/* Begin PBXResourcesBuildPhase section */
		695F80C924C4718800F098B0 /* Resources */ = {
			isa = PBXResourcesBuildPhase;
			buildActionMask = 2147483647;
			files = (
				695F80D624C4718A00F098B0 /* Preview Assets.xcassets in Resources */,
				695F80D324C4718A00F098B0 /* Assets.xcassets in Resources */,
			);
			runOnlyForDeploymentPostprocessing = 0;
		};
/* End PBXResourcesBuildPhase section */

/* Begin PBXSourcesBuildPhase section */
		695F80C724C4718800F098B0 /* Sources */ = {
			isa = PBXSourcesBuildPhase;
			buildActionMask = 2147483647;
			files = (
				695F80E524C4883D00F098B0 /* DNSProxy.swift in Sources */,
				695F80D124C4718800F098B0 /* ContentView.swift in Sources */,
				695F80CF24C4718800F098B0 /* D3_DNSApp.swift in Sources */,
				695F80E224C4830700F098B0 /* Constants.swift in Sources */,
			);
			runOnlyForDeploymentPostprocessing = 0;
		};
/* End PBXSourcesBuildPhase section */

/* Begin XCBuildConfiguration section */
		695F80D824C4718A00F098B0 /* Debug */ = {
			isa = XCBuildConfiguration;
			buildSettings = {
				ALWAYS_SEARCH_USER_PATHS = NO;
				CLANG_ANALYZER_NONNULL = YES;
				CLANG_ANALYZER_NUMBER_OBJECT_CONVERSION = YES_AGGRESSIVE;
				CLANG_CXX_LANGUAGE_STANDARD = "gnu++14";
				CLANG_CXX_LIBRARY = "libc++";
				CLANG_ENABLE_MODULES = YES;
				CLANG_ENABLE_OBJC_ARC = YES;
				CLANG_ENABLE_OBJC_WEAK = YES;
				CLANG_WARN_BLOCK_CAPTURE_AUTORELEASING = YES;
				CLANG_WARN_BOOL_CONVERSION = YES;
				CLANG_WARN_COMMA = YES;
				CLANG_WARN_CONSTANT_CONVERSION = YES;
				CLANG_WARN_DEPRECATED_OBJC_IMPLEMENTATIONS = YES;
				CLANG_WARN_DIRECT_OBJC_ISA_USAGE = YES_ERROR;
				CLANG_WARN_DOCUMENTATION_COMMENTS = YES;
				CLANG_WARN_EMPTY_BODY = YES;
				CLANG_WARN_ENUM_CONVERSION = YES;
				CLANG_WARN_INFINITE_RECURSION = YES;
				CLANG_WARN_INT_CONVERSION = YES;
				CLANG_WARN_NON_LITERAL_NULL_CONVERSION = YES;
				CLANG_WARN_OBJC_IMPLICIT_RETAIN_SELF = YES;
				CLANG_WARN_OBJC_LITERAL_CONVERSION = YES;
				CLANG_WARN_OBJC_ROOT_CLASS = YES_ERROR;
				CLANG_WARN_QUOTED_INCLUDE_IN_FRAMEWORK_HEADER = YES;
				CLANG_WARN_RANGE_LOOP_ANALYSIS = YES;
				CLANG_WARN_STRICT_PROTOTYPES = YES;
				CLANG_WARN_SUSPICIOUS_MOVE = YES;
				CLANG_WARN_UNGUARDED_AVAILABILITY = YES_AGGRESSIVE;
				CLANG_WARN_UNREACHABLE_CODE = YES;
				CLANG_WARN__DUPLICATE_METHOD_MATCH = YES;
				COPY_PHASE_STRIP = NO;
				DEBUG_INFORMATION_FORMAT = dwarf;
				ENABLE_STRICT_OBJC_MSGSEND = YES;
				ENABLE_TESTABILITY = YES;
				GCC_C_LANGUAGE_STANDARD = gnu11;
				GCC_DYNAMIC_NO_PIC = NO;
				GCC_NO_COMMON_BLOCKS = YES;
				GCC_OPTIMIZATION_LEVEL = 0;
				GCC_PREPROCESSOR_DEFINITIONS = (
					"DEBUG=1",
					"$(inherited)",
				);
				GCC_WARN_64_TO_32_BIT_CONVERSION = YES;
				GCC_WARN_ABOUT_RETURN_TYPE = YES_ERROR;
				GCC_WARN_UNDECLARED_SELECTOR = YES;
				GCC_WARN_UNINITIALIZED_AUTOS = YES_AGGRESSIVE;
				GCC_WARN_UNUSED_FUNCTION = YES;
				GCC_WARN_UNUSED_VARIABLE = YES;
				IPHONEOS_DEPLOYMENT_TARGET = 14.0;
				MTL_ENABLE_DEBUG_INFO = INCLUDE_SOURCE;
				MTL_FAST_MATH = YES;
				ONLY_ACTIVE_ARCH = YES;
				SDKROOT = iphoneos;
				SWIFT_ACTIVE_COMPILATION_CONDITIONS = DEBUG;
				SWIFT_OPTIMIZATION_LEVEL = "-Onone";
			};
			name = Debug;
		};
		695F80D924C4718A00F098B0 /* Release */ = {
			isa = XCBuildConfiguration;
			buildSettings = {
				ALWAYS_SEARCH_USER_PATHS = NO;
				CLANG_ANALYZER_NONNULL = YES;
				CLANG_ANALYZER_NUMBER_OBJECT_CONVERSION = YES_AGGRESSIVE;
				CLANG_CXX_LANGUAGE_STANDARD = "gnu++14";
				CLANG_CXX_LIBRARY = "libc++";
				CLANG_ENABLE_MODULES = YES;
				CLANG_ENABLE_OBJC_ARC = YES;
				CLANG_ENABLE_OBJC_WEAK = YES;
				CLANG_WARN_BLOCK_CAPTURE_AUTORELEASING = YES;
				CLANG_WARN_BOOL_CONVERSION = YES;
				CLANG_WARN_COMMA = YES;
				CLANG_WARN_CONSTANT_CONVERSION = YES;
				CLANG_WARN_DEPRECATED_OBJC_IMPLEMENTATIONS = YES;
				CLANG_WARN_DIRECT_OBJC_ISA_USAGE = YES_ERROR;
				CLANG_WARN_DOCUMENTATION_COMMENTS = YES;
				CLANG_WARN_EMPTY_BODY = YES;
				CLANG_WARN_ENUM_CONVERSION = YES;
				CLANG_WARN_INFINITE_RECURSION = YES;
				CLANG_WARN_INT_CONVERSION = YES;
				CLANG_WARN_NON_LITERAL_NULL_CONVERSION = YES;
				CLANG_WARN_OBJC_IMPLICIT_RETAIN_SELF = YES;
				CLANG_WARN_OBJC_LITERAL_CONVERSION = YES;
				CLANG_WARN_OBJC_ROOT_CLASS = YES_ERROR;
				CLANG_WARN_QUOTED_INCLUDE_IN_FRAMEWORK_HEADER = YES;
				CLANG_WARN_RANGE_LOOP_ANALYSIS = YES;
				CLANG_WARN_STRICT_PROTOTYPES = YES;
				CLANG_WARN_SUSPICIOUS_MOVE = YES;
				CLANG_WARN_UNGUARDED_AVAILABILITY = YES_AGGRESSIVE;
				CLANG_WARN_UNREACHABLE_CODE = YES;
				CLANG_WARN__DUPLICATE_METHOD_MATCH = YES;
				COPY_PHASE_STRIP = NO;
				DEBUG_INFORMATION_FORMAT = "dwarf-with-dsym";
				ENABLE_NS_ASSERTIONS = NO;
				ENABLE_STRICT_OBJC_MSGSEND = YES;
				GCC_C_LANGUAGE_STANDARD = gnu11;
				GCC_NO_COMMON_BLOCKS = YES;
				GCC_WARN_64_TO_32_BIT_CONVERSION = YES;
				GCC_WARN_ABOUT_RETURN_TYPE = YES_ERROR;
				GCC_WARN_UNDECLARED_SELECTOR = YES;
				GCC_WARN_UNINITIALIZED_AUTOS = YES_AGGRESSIVE;
				GCC_WARN_UNUSED_FUNCTION = YES;
				GCC_WARN_UNUSED_VARIABLE = YES;
				IPHONEOS_DEPLOYMENT_TARGET = 14.0;
				MTL_ENABLE_DEBUG_INFO = NO;
				MTL_FAST_MATH = YES;
				SDKROOT = iphoneos;
				SWIFT_COMPILATION_MODE = wholemodule;
				SWIFT_OPTIMIZATION_LEVEL = "-O";
				VALIDATE_PRODUCT = YES;
			};
			name = Release;
		};
		695F80DB24C4718A00F098B0 /* Debug */ = {
			isa = XCBuildConfiguration;
			buildSettings = {
				ASSETCATALOG_COMPILER_APPICON_NAME = AppIcon;
				ASSETCATALOG_COMPILER_GLOBAL_ACCENT_COLOR_NAME = AccentColor;
				CODE_SIGN_STYLE = Automatic;
				DEVELOPMENT_ASSET_PATHS = "\"D3 DNS/Preview Content\"";
				DEVELOPMENT_TEAM = U2PJV837D8;
				ENABLE_PREVIEWS = YES;
				INFOPLIST_FILE = "D3 DNS/Info.plist";
				IPHONEOS_DEPLOYMENT_TARGET = 14.0;
				LD_RUNPATH_SEARCH_PATHS = (
					"$(inherited)",
					"@executable_path/Frameworks",
				);
				PRODUCT_BUNDLE_IDENTIFIER = "org.sperixlabs.D3-DNS";
				PRODUCT_NAME = "$(TARGET_NAME)";
				SWIFT_VERSION = 5.0;
				TARGETED_DEVICE_FAMILY = "1,2";
			};
			name = Debug;
		};
		695F80DC24C4718A00F098B0 /* Release */ = {
			isa = XCBuildConfiguration;
			buildSettings = {
				ASSETCATALOG_COMPILER_APPICON_NAME = AppIcon;
				ASSETCATALOG_COMPILER_GLOBAL_ACCENT_COLOR_NAME = AccentColor;
				CODE_SIGN_STYLE = Automatic;
				DEVELOPMENT_ASSET_PATHS = "\"D3 DNS/Preview Content\"";
				DEVELOPMENT_TEAM = U2PJV837D8;
				ENABLE_PREVIEWS = YES;
				INFOPLIST_FILE = "D3 DNS/Info.plist";
				IPHONEOS_DEPLOYMENT_TARGET = 14.0;
				LD_RUNPATH_SEARCH_PATHS = (
					"$(inherited)",
					"@executable_path/Frameworks",
				);
				PRODUCT_BUNDLE_IDENTIFIER = "org.sperixlabs.D3-DNS";
				PRODUCT_NAME = "$(TARGET_NAME)";
				SWIFT_VERSION = 5.0;
				TARGETED_DEVICE_FAMILY = "1,2";
			};
			name = Release;
		};
/* End XCBuildConfiguration section */

/* Begin XCConfigurationList section */
		695F80C624C4718800F098B0 /* Build configuration list for PBXProject "D3 DNS" */ = {
			isa = XCConfigurationList;
			buildConfigurations = (
				695F80D824C4718A00F098B0 /* Debug */,
				695F80D924C4718A00F098B0 /* Release */,
			);
			defaultConfigurationIsVisible = 0;
			defaultConfigurationName = Release;
		};
		695F80DA24C4718A00F098B0 /* Build configuration list for PBXNativeTarget "D3 DNS" */ = {
			isa = XCConfigurationList;
			buildConfigurations = (
				695F80DB24C4718A00F098B0 /* Debug */,
				695F80DC24C4718A00F098B0 /* Release */,
			);
			defaultConfigurationIsVisible = 0;
			defaultConfigurationName = Release;
		};
/* End XCConfigurationList section */
	};
	rootObject = 695F80C324C4718800F098B0 /* Project object */;
}
